# generated by rye
# use `rye lock` or `rye sync` to update this lockfile
#
# last locked with the following flags:
#   pre: false
#   features: []
#   all-features: false
#   with-sources: false
#   generate-hashes: false
#   universal: false

-e file:.
click==8.1.7
    # via typer
colorama==0.4.6
    # via click
    # via loguru
imagesize==1.4.1
    # via caj2pdf
loguru==0.7.2
    # via caj2pdf
markdown-it-py==3.0.0
    # via rich
mdurl==0.1.2
    # via markdown-it-py
pillow==10.4.0
    # via caj2pdf
pygments==2.18.0
    # via rich
pymupdf==1.24.7
    # via caj2pdf
pymupdfb==1.24.6
    # via pymupdf
pypdf==4.3.0
    # via caj2pdf
rich==13.7.1
    # via typer
shellingham==1.5.4
    # via typer
typer==0.12.3
    # via caj2pdf
typing-extensions==4.12.2
    # via typer
win32-setctime==1.1.0
    # via loguru
